
Microsoft Visual Studio Solution File, Format Version 12.00
# Visual Studio Version 17
VisualStudioVersion = 17.11.35327.3
MinimumVisualStudioVersion = 10.0.40219.1
Project("{FAE04EC0-301F-11D3-BF4B-00C04F79EFBC}") = "ECommerceCloudNautical", "ECommerceCloudNautical\ECommerceCloudNautical.csproj", "{EDA8C905-2BAB-4634-B253-6881F10DF9F9}"
EndProject
Global
	GlobalSection(SolutionConfigurationPlatforms) = preSolution
		Debug|Any CPU = Debug|Any CPU
		Release|Any CPU = Release|Any CPU
	EndGlobalSection
	GlobalSection(ProjectConfigurationPlatforms) = postSolution
		{EDA8C905-2BAB-4634-B253-6881F10DF9F9}.Debug|Any CPU.ActiveCfg = Debug|Any CPU
		{EDA8C905-2BAB-4634-B253-6881F10DF9F9}.Debug|Any CPU.Build.0 = Debug|Any CPU
		{EDA8C905-2BAB-4634-B253-6881F10DF9F9}.Release|Any CPU.ActiveCfg = Release|Any CPU
		{EDA8C905-2BAB-4634-B253-6881F10DF9F9}.Release|Any CPU.Build.0 = Release|Any CPU
	EndGlobalSection
	GlobalSection(SolutionProperties) = preSolution
		HideSolutionNode = FALSE
	EndGlobalSection
	GlobalSection(ExtensibilityGlobals) = postSolution
		SolutionGuid = {94581528-FC85-454E-8519-FC6AD212D6CC}
	EndGlobalSection
EndGlobal
